#MicroXplorer Configuration settings - do not modify
Mcu.Family=STM32H7
RCC.DIVQ2Freq_Value=129000000
ProjectManager.MainLocation=Src
PA6.Mode=Full_Duplex_Master
SPI2.VirtualNSS=VM_NSSHARD
RCC.SAI1Freq_Value=129000000
RCC.CortexFreq_Value=64000000
SPI3.Direction=SPI_DIRECTION_2LINES
SPI4.VirtualType=VM_MASTER
SPI3.VirtualType=VM_MASTER
ProjectManager.KeepUserCode=true
Mcu.UserName=STM32H743VGTx
SPI1.VirtualType=VM_MASTER
SPI2.VirtualType=VM_MASTER
PB10.Mode=I2C
PC12.Locked=true
PC10.Signal=SPI3_SCK
PC12.Signal=SPI3_MOSI
SPI4.Direction=SPI_DIRECTION_2LINES
ProjectManager.functionlistsort=
PA11.Mode=OTG/Dual_Role_Device
RCC.RTCFreq_Value=32000
PA15\ (JTDI).Signal=SPI3_NSS
RCC.VCO2OutputFreq_Value=258000000
RCC.CpuClockFreq_Value=64000000
PB11.Signal=I2C2_SDA
PB13.Signal=SPI2_SCK
PB15.Signal=SPI2_MOSI
PD9.Mode=Asynchronous
PinOutPanel.RotationAngle=0
RCC.MCO1PinFreq_Value=64000000
ProjectManager.StackSize=0x400
RCC.AHB4Freq_Value=64000000
RCC.VCOInput3Freq_Value=2000000
USART3.VirtualMode-Asynchronous=VM_ASYNC
RCC.LPTIM1Freq_Value=64000000
PD13.Signal=I2C4_SDA
Mcu.IP4=I2C4
Mcu.IP5=NVIC
Mcu.IP2=I2C1
NVIC.SVCall_IRQn=true\:0\:0\:false\:false\:true\:false\:false
Mcu.IP3=I2C2
Mcu.IP0=CORTEX_M7
PA14\ (JTCK/SWCLK).Signal=DEBUG_JTCK-SWCLK
PA15\ (JTDI).Mode=NSS_Signal_Hard_Output
Mcu.IP1=DEBUG
PA12.Signal=USB_OTG_FS_DP
PE11.Mode=NSS_Signal_Hard_Output
Mcu.UserConstants=
SPI4.Mode=SPI_MODE_MASTER
PA4.Mode=NSS_Signal_Hard_Output
RCC.DIVP3Freq_Value=129000000
RCC.SDMMCFreq_Value=129000000
Mcu.ThirdPartyNb=0
SPI1.Direction=SPI_DIRECTION_2LINES
SPI3.VirtualNSS=VM_NSSHARD
RCC.HCLKFreq_Value=64000000
RCC.I2C4Freq_Value=64000000
Mcu.IPNb=17
ProjectManager.PreviousToolchain=
RCC.SPDIFRXFreq_Value=129000000
PB6.Signal=I2C1_SCL
PC7.Signal=USART6_RX
PB6.Mode=I2C
RCC.DIVQ3Freq_Value=129000000
SPI1.CalculateBaudRate=64.5 MBits/s
Mcu.Pin6=PE12
Mcu.Pin7=PE13
PD8.Signal=USART3_TX
Mcu.Pin8=PE14
Mcu.Pin9=PB10
SPI4.IPParameters=VirtualType,Mode,Direction,CalculateBaudRate,VirtualNSS
PE1.Signal=UART8_TX
Mcu.Pin0=PA0
Mcu.Pin1=PA4
PE14.Locked=true
GPIO.groupedBy=
Mcu.Pin2=PA5
RCC.HRTIMFreq_Value=64000000
Mcu.Pin3=PA6
Mcu.Pin4=PA7
Mcu.Pin5=PE11
ProjectManager.ProjectBuild=false
RCC.DIVR3Freq_Value=129000000
NVIC.UsageFault_IRQn=true\:0\:0\:false\:false\:true\:false\:false
PA0.Locked=true
NVIC.DebugMonitor_IRQn=true\:0\:0\:false\:false\:true\:false\:false
Mcu.IP10=SPI3
NVIC.SysTick_IRQn=true\:0\:0\:false\:false\:true\:false\:true
Mcu.IP12=SYS
Mcu.IP11=SPI4
ProjectManager.FirmwarePackage=STM32Cube FW_H7 V1.7.0
MxDb.Version=DB.5.0.60
RCC.DIVP1Freq_Value=129000000
Mcu.IP14=USART3
Mcu.IP13=UART8
PE13.Signal=SPI4_MISO
Mcu.IP16=USB_OTG_FS
ProjectManager.BackupPrevious=false
RCC.FMCFreq_Value=64000000
Mcu.IP15=USART6
PB14.Mode=Full_Duplex_Master
RCC.USART16Freq_Value=64000000
File.Version=6
PA0.Mode=WakeUp0
SPI2.CalculateBaudRate=64.5 MBits/s
PB7.Signal=I2C1_SDA
PA14\ (JTCK/SWCLK).Mode=Trace_Asynchronous_SW
SPI1.VirtualNSS=VM_NSSHARD
PE13.Mode=Full_Duplex_Master
NVIC.PendSV_IRQn=true\:0\:0\:false\:false\:true\:false\:false
PA13\ (JTMS/SWDIO).Locked=true
RCC.DIVR2Freq_Value=129000000
ProjectManager.HalAssertFull=false
RCC.DIVP2Freq_Value=129000000
ProjectManager.ProjectName=stm32mx
PA0.Signal=PWR_WKUP0
RCC.APB3Freq_Value=64000000
RCC.MCO2PinFreq_Value=64000000
Mcu.Package=LQFP100
PA6.Signal=SPI1_MISO
PB12.Mode=NSS_Signal_Hard_Output
PA7.Locked=true
SPI2.Mode=SPI_MODE_MASTER
SPI3.Mode=SPI_MODE_MASTER
USART6.VirtualMode=VM_ASYNC
PD12.Signal=I2C4_SCL
ProjectManager.ToolChainLocation=
PA14\ (JTCK/SWCLK).Locked=true
VP_SYS_VS_Systick.Signal=SYS_VS_Systick
USART3.IPParameters=VirtualMode-Asynchronous
PA10.Signal=USB_OTG_FS_ID
RCC.DIVR1Freq_Value=129000000
RCC.DFSDMFreq_Value=64000000
PC11.Mode=Full_Duplex_Master
RCC.PLLSourceVirtualString=RCC_PLLSOURCE_HSI
RCC.TraceFreq_Value=64000000
RCC.APB4Freq_Value=64000000
RCC.SAI23Freq_Value=129000000
RCC.CECFreq_Value=32000
NVIC.BusFault_IRQn=true\:0\:0\:false\:false\:true\:false\:false
RCC.LPUART1Freq_Value=64000000
SPI3.IPParameters=VirtualType,Mode,Direction,CalculateBaudRate,VirtualNSS
SPI2.Direction=SPI_DIRECTION_2LINES
PB13.Mode=Full_Duplex_Master
PE12.Locked=true
ProjectManager.CustomerFirmwarePackage=
RCC.Tim2OutputFreq_Value=64000000
RCC.DFSDMACLkFreq_Value=129000000
PB15.Locked=true
RCC.VCO3OutputFreq_Value=258000000
PA5.Mode=Full_Duplex_Master
PE12.Mode=Full_Duplex_Master
ProjectManager.ProjectFileName=stm32mx.ioc
PA7.Mode=Full_Duplex_Master
PA13\ (JTMS/SWDIO).Mode=Trace_Asynchronous_SW
PA10.Mode=OTG/Dual_Role_Device
Mcu.PinsNb=37
ProjectManager.NoMain=false
SPI1.IPParameters=VirtualType,Mode,Direction,CalculateBaudRate,VirtualNSS
USART6.IPParameters=VirtualMode
PC11.Signal=SPI3_MISO
RCC.SWPMI1Freq_Value=64000000
PE1.Mode=Asynchronous
RCC.SAI4BFreq_Value=129000000
PC6.Signal=USART6_TX
PC10.Mode=Full_Duplex_Master
ProjectManager.DefaultFWLocation=true
PD9.Signal=USART3_RX
ProjectManager.DeletePrevious=true
PB14.Locked=true
RCC.QSPIFreq_Value=64000000
RCC.FamilyName=M
RCC.SPI6Freq_Value=64000000
RCC.D1CPREFreq_Value=64000000
RCC.USART234578Freq_Value=64000000
PA9.Mode=Activate_VBUS_BCD
RCC.Tim1OutputFreq_Value=64000000
RCC.SPI45Freq_Value=64000000
RCC.SPI123Freq_Value=129000000
PB11.Mode=I2C
PB3\ (JTDO/TRACESWO).Signal=DEBUG_JTDO-SWO
ProjectManager.TargetToolchain=EWARM V8.32
RCC.VCO1OutputFreq_Value=258000000
PC6.Mode=Asynchronous
PA9.Signal=USB_OTG_FS_VBUS
RCC.AXIClockFreq_Value=64000000
PD13.Mode=I2C
SPI2.IPParameters=VirtualType,Mode,Direction,CalculateBaudRate,VirtualNSS
RCC.USBFreq_Value=129000000
SPI4.VirtualNSS=VM_NSSHARD
PE11.Signal=SPI4_NSS
PD8.Mode=Asynchronous
RCC.CKPERFreq_Value=64000000
PB10.Signal=I2C2_SCL
PB14.Signal=SPI2_MISO
PA5.Signal=SPI1_SCK
PC12.Mode=Full_Duplex_Master
board=custom
ProjectManager.LastFirmware=true
PB15.Mode=Full_Duplex_Master
RCC.VCOInput1Freq_Value=2000000
RCC.AHB12Freq_Value=64000000
RCC.APB2Freq_Value=64000000
PE14.Signal=SPI4_MOSI
SPI3.CalculateBaudRate=64.5 MBits/s
MxCube.Version=5.6.1
Mcu.Pin35=PE1
Mcu.Pin36=VP_SYS_VS_Systick
SPI1.Mode=SPI_MODE_MASTER
RCC.FDCANFreq_Value=129000000
PE14.Mode=Full_Duplex_Master
RCC.RNGFreq_Value=48000000
Mcu.Pin30=PC12
RCC.ADCFreq_Value=129000000
VP_SYS_VS_Systick.Mode=SysTick
Mcu.Pin33=PB7
Mcu.Pin34=PE0
Mcu.Pin31=PB3 (JTDO/TRACESWO)
Mcu.Pin32=PB6
NVIC.NonMaskableInt_IRQn=true\:0\:0\:false\:false\:true\:false\:false
SPI4.CalculateBaudRate=32.0 MBits/s
ProjectManager.FreePins=false
RCC.IPParameters=ADCFreq_Value,AHB12Freq_Value,AHB4Freq_Value,APB1Freq_Value,APB2Freq_Value,APB3Freq_Value,APB4Freq_Value,AXIClockFreq_Value,CECFreq_Value,CKPERFreq_Value,CortexFreq_Value,CpuClockFreq_Value,D1CPREFreq_Value,DFSDMACLkFreq_Value,DFSDMFreq_Value,DIVP1Freq_Value,DIVP2Freq_Value,DIVP3Freq_Value,DIVQ1Freq_Value,DIVQ2Freq_Value,DIVQ3Freq_Value,DIVR1Freq_Value,DIVR2Freq_Value,DIVR3Freq_Value,FDCANFreq_Value,FMCFreq_Value,FamilyName,HCLK3ClockFreq_Value,HCLKFreq_Value,HRTIMFreq_Value,I2C123Freq_Value,I2C4Freq_Value,LPTIM1Freq_Value,LPTIM2Freq_Value,LPTIM345Freq_Value,LPUART1Freq_Value,LTDCFreq_Value,MCO1PinFreq_Value,MCO2PinFreq_Value,PLLSourceVirtualString,QSPIFreq_Value,RNGFreq_Value,RTCFreq_Value,SAI1Freq_Value,SAI23Freq_Value,SAI4AFreq_Value,SAI4BFreq_Value,SDMMCFreq_Value,SPDIFRXFreq_Value,SPI123Freq_Value,SPI45Freq_Value,SPI6Freq_Value,SWPMI1Freq_Value,SYSCLKFreq_VALUE,Tim1OutputFreq_Value,Tim2OutputFreq_Value,TraceFreq_Value,USART16Freq_Value,USART234578Freq_Value,USBFreq_Value,VCO1OutputFreq_Value,VCO2OutputFreq_Value,VCO3OutputFreq_Value,VCOInput1Freq_Value,VCOInput2Freq_Value,VCOInput3Freq_Value
PE11.Locked=true
ProjectManager.AskForMigrate=true
Mcu.Name=STM32H743VGTx
PE0.Signal=UART8_RX
RCC.LPTIM2Freq_Value=64000000
Mcu.Pin26=PA14 (JTCK/SWCLK)
PE12.Signal=SPI4_SCK
Mcu.Pin27=PA15 (JTDI)
Mcu.Pin24=PA12
ProjectManager.UnderRoot=false
PE13.Locked=true
Mcu.Pin25=PA13 (JTMS/SWDIO)
Mcu.IP8=SPI1
Mcu.IP9=SPI2
Mcu.Pin28=PC10
Mcu.IP6=PWR
Mcu.Pin29=PC11
Mcu.IP7=RCC
ProjectManager.CoupleFile=false
PA4.Signal=SPI1_NSS
RCC.SYSCLKFreq_VALUE=64000000
Mcu.Pin22=PA10
RCC.I2C123Freq_Value=64000000
Mcu.Pin23=PA11
Mcu.Pin20=PC7
PD12.Mode=I2C
Mcu.Pin21=PA9
PA12.Mode=OTG/Dual_Role_Device
NVIC.ForceEnableDMAVector=true
KeepUserPlacement=false
NVIC.MemoryManagement_IRQn=true\:0\:0\:false\:false\:true\:false\:false
ProjectManager.CompilerOptimize=6
PB7.Mode=I2C
PA11.Signal=USB_OTG_FS_DM
ProjectManager.HeapSize=0x200
Mcu.Pin15=PD8
NVIC.HardFault_IRQn=true\:0\:0\:false\:false\:true\:false\:false
Mcu.Pin16=PD9
Mcu.Pin13=PB14
Mcu.Pin14=PB15
Mcu.Pin19=PC6
RCC.LPTIM345Freq_Value=64000000
ProjectManager.ComputerToolchain=false
Mcu.Pin17=PD12
Mcu.Pin18=PD13
RCC.LTDCFreq_Value=129000000
RCC.SAI4AFreq_Value=129000000
NVIC.PriorityGroup=NVIC_PRIORITYGROUP_4
Mcu.Pin11=PB12
Mcu.Pin12=PB13
PB3\ (JTDO/TRACESWO).Mode=Trace_Asynchronous_SW
Mcu.Pin10=PB11
RCC.DIVQ1Freq_Value=129000000
PC7.Mode=Asynchronous
RCC.HCLK3ClockFreq_Value=64000000
RCC.VCOInput2Freq_Value=2000000
RCC.APB1Freq_Value=64000000
ProjectManager.DeviceId=STM32H743VGTx
PB12.Signal=SPI2_NSS
PE0.Mode=Asynchronous
ProjectManager.LibraryCopy=0
PA13\ (JTMS/SWDIO).Signal=DEBUG_JTMS-SWDIO
PA7.Signal=SPI1_MOSI
